{
  "name": "salambo-harness-pi-general",
  "version": "2.1.0",
  "lockfileVersion": 3,
  "requires": true,
  "packages": {
    "": {
      "name": "salambo-harness-pi-general",
      "version": "2.1.0",
      "license": "MIT",
      "devDependencies": {},
      "engines": {
        "node": ">=20"
      }
    }
  }
}
